
Microsoft Visual Studio Solution File, Format Version 12.00
# Visual Studio Version 16
VisualStudioVersion = 16.0.30002.166
MinimumVisualStudioVersion = 10.0.40219.1
Project("{FAE04EC0-301F-11D3-BF4B-00C04F79EFBC}") = "MyUIDemo.Android", "MyUIDemo\MyUIDemo.Android\MyUIDemo.Android.csproj", "{E37813F5-F328-434C-A055-E205D7BA70B1}"
EndProject
Project("{FAE04EC0-301F-11D3-BF4B-00C04F79EFBC}") = "MyUIDemo.iOS", "MyUIDemo\MyUIDemo.iOS\MyUIDemo.iOS.csproj", "{357F9A60-F05F-48CA-8BAB-C3F233E93FF7}"
EndProject
Project("{FAE04EC0-301F-11D3-BF4B-00C04F79EFBC}") = "MyUIDemo", "MyUIDemo\MyUIDemo\MyUIDemo.csproj", "{09290345-C470-46FF-9D25-799FC4FAB440}"
EndProject
Global
	GlobalSection(SolutionConfigurationPlatforms) = preSolution
		Debug|Any CPU = Debug|Any CPU
		Debug|iPhone = Debug|iPhone
		Debug|iPhoneSimulator = Debug|iPhoneSimulator
		Release|Any CPU = Release|Any CPU
		Release|iPhone = Release|iPhone
		Release|iPhoneSimulator = Release|iPhoneSimulator
	EndGlobalSection
	GlobalSection(ProjectConfigurationPlatforms) = postSolution
		{E37813F5-F328-434C-A055-E205D7BA70B1}.Debug|Any CPU.ActiveCfg = Debug|Any CPU
		{E37813F5-F328-434C-A055-E205D7BA70B1}.Debug|Any CPU.Build.0 = Debug|Any CPU
		{E37813F5-F328-434C-A055-E205D7BA70B1}.Debug|Any CPU.Deploy.0 = Debug|Any CPU
		{E37813F5-F328-434C-A055-E205D7BA70B1}.Debug|iPhone.ActiveCfg = Debug|Any CPU
		{E37813F5-F328-434C-A055-E205D7BA70B1}.Debug|iPhone.Build.0 = Debug|Any CPU
		{E37813F5-F328-434C-A055-E205D7BA70B1}.Debug|iPhone.Deploy.0 = Debug|Any CPU
		{E37813F5-F328-434C-A055-E205D7BA70B1}.Debug|iPhoneSimulator.ActiveCfg = Debug|Any CPU
		{E37813F5-F328-434C-A055-E205D7BA70B1}.Debug|iPhoneSimulator.Build.0 = Debug|Any CPU
		{E37813F5-F328-434C-A055-E205D7BA70B1}.Debug|iPhoneSimulator.Deploy.0 = Debug|Any CPU
		{E37813F5-F328-434C-A055-E205D7BA70B1}.Release|Any CPU.ActiveCfg = Release|Any CPU
		{E37813F5-F328-434C-A055-E205D7BA70B1}.Release|Any CPU.Build.0 = Release|Any CPU
		{E37813F5-F328-434C-A055-E205D7BA70B1}.Release|Any CPU.Deploy.0 = Release|Any CPU
		{E37813F5-F328-434C-A055-E205D7BA70B1}.Release|iPhone.ActiveCfg = Release|Any CPU
		{E37813F5-F328-434C-A055-E205D7BA70B1}.Release|iPhone.Build.0 = Release|Any CPU
		{E37813F5-F328-434C-A055-E205D7BA70B1}.Release|iPhone.Deploy.0 = Release|Any CPU
		{E37813F5-F328-434C-A055-E205D7BA70B1}.Release|iPhoneSimulator.ActiveCfg = Release|Any CPU
		{E37813F5-F328-434C-A055-E205D7BA70B1}.Release|iPhoneSimulator.Build.0 = Release|Any CPU
		{E37813F5-F328-434C-A055-E205D7BA70B1}.Release|iPhoneSimulator.Deploy.0 = Release|Any CPU
		{357F9A60-F05F-48CA-8BAB-C3F233E93FF7}.Debug|Any CPU.ActiveCfg = Debug|iPhone
		{357F9A60-F05F-48CA-8BAB-C3F233E93FF7}.Debug|Any CPU.Build.0 = Debug|iPhone
		{357F9A60-F05F-48CA-8BAB-C3F233E93FF7}.Debug|Any CPU.Deploy.0 = Debug|iPhone
		{357F9A60-F05F-48CA-8BAB-C3F233E93FF7}.Debug|iPhone.ActiveCfg = Debug|iPhone
		{357F9A60-F05F-48CA-8BAB-C3F233E93FF7}.Debug|iPhone.Build.0 = Debug|iPhone
		{357F9A60-F05F-48CA-8BAB-C3F233E93FF7}.Debug|iPhone.Deploy.0 = Debug|iPhone
		{357F9A60-F05F-48CA-8BAB-C3F233E93FF7}.Debug|iPhoneSimulator.ActiveCfg = Debug|iPhoneSimulator
		{357F9A60-F05F-48CA-8BAB-C3F233E93FF7}.Debug|iPhoneSimulator.Build.0 = Debug|iPhoneSimulator
		{357F9A60-F05F-48CA-8BAB-C3F233E93FF7}.Debug|iPhoneSimulator.Deploy.0 = Debug|iPhoneSimulator
		{357F9A60-F05F-48CA-8BAB-C3F233E93FF7}.Release|Any CPU.ActiveCfg = Release|iPhone
		{357F9A60-F05F-48CA-8BAB-C3F233E93FF7}.Release|Any CPU.Build.0 = Release|iPhone
		{357F9A60-F05F-48CA-8BAB-C3F233E93FF7}.Release|Any CPU.Deploy.0 = Release|iPhone
		{357F9A60-F05F-48CA-8BAB-C3F233E93FF7}.Release|iPhone.ActiveCfg = Release|iPhone
		{357F9A60-F05F-48CA-8BAB-C3F233E93FF7}.Release|iPhone.Build.0 = Release|iPhone
		{357F9A60-F05F-48CA-8BAB-C3F233E93FF7}.Release|iPhone.Deploy.0 = Release|iPhone
		{357F9A60-F05F-48CA-8BAB-C3F233E93FF7}.Release|iPhoneSimulator.ActiveCfg = Release|iPhoneSimulator
		{357F9A60-F05F-48CA-8BAB-C3F233E93FF7}.Release|iPhoneSimulator.Build.0 = Release|iPhoneSimulator
		{357F9A60-F05F-48CA-8BAB-C3F233E93FF7}.Release|iPhoneSimulator.Deploy.0 = Release|iPhoneSimulator
		{09290345-C470-46FF-9D25-799FC4FAB440}.Debug|Any CPU.ActiveCfg = Debug|Any CPU
		{09290345-C470-46FF-9D25-799FC4FAB440}.Debug|Any CPU.Build.0 = Debug|Any CPU
		{09290345-C470-46FF-9D25-799FC4FAB440}.Debug|Any CPU.Deploy.0 = Debug|Any CPU
		{09290345-C470-46FF-9D25-799FC4FAB440}.Debug|iPhone.ActiveCfg = Debug|Any CPU
		{09290345-C470-46FF-9D25-799FC4FAB440}.Debug|iPhone.Build.0 = Debug|Any CPU
		{09290345-C470-46FF-9D25-799FC4FAB440}.Debug|iPhone.Deploy.0 = Debug|Any CPU
		{09290345-C470-46FF-9D25-799FC4FAB440}.Debug|iPhoneSimulator.ActiveCfg = Debug|Any CPU
		{09290345-C470-46FF-9D25-799FC4FAB440}.Debug|iPhoneSimulator.Build.0 = Debug|Any CPU
		{09290345-C470-46FF-9D25-799FC4FAB440}.Debug|iPhoneSimulator.Deploy.0 = Debug|Any CPU
		{09290345-C470-46FF-9D25-799FC4FAB440}.Release|Any CPU.ActiveCfg = Release|Any CPU
		{09290345-C470-46FF-9D25-799FC4FAB440}.Release|Any CPU.Build.0 = Release|Any CPU
		{09290345-C470-46FF-9D25-799FC4FAB440}.Release|Any CPU.Deploy.0 = Release|Any CPU
		{09290345-C470-46FF-9D25-799FC4FAB440}.Release|iPhone.ActiveCfg = Release|Any CPU
		{09290345-C470-46FF-9D25-799FC4FAB440}.Release|iPhone.Build.0 = Release|Any CPU
		{09290345-C470-46FF-9D25-799FC4FAB440}.Release|iPhone.Deploy.0 = Release|Any CPU
		{09290345-C470-46FF-9D25-799FC4FAB440}.Release|iPhoneSimulator.ActiveCfg = Release|Any CPU
		{09290345-C470-46FF-9D25-799FC4FAB440}.Release|iPhoneSimulator.Build.0 = Release|Any CPU
		{09290345-C470-46FF-9D25-799FC4FAB440}.Release|iPhoneSimulator.Deploy.0 = Release|Any CPU
	EndGlobalSection
	GlobalSection(SolutionProperties) = preSolution
		HideSolutionNode = FALSE
	EndGlobalSection
	GlobalSection(ExtensibilityGlobals) = postSolution
		SolutionGuid = {EA3D3B2F-9972-4C0A-A7A1-194F956826E6}
	EndGlobalSection
EndGlobal
